<Solution>
  <Folder Name="/src/">
    <Project Path="src/Vendas.Agente/Vendas.Agente.csproj" />
  </Folder>
  <Folder Name="/tests/">
    <Project Path="tests/Vendas.Servidor.Tests/Vendas.Servidor.Tests.csproj" />
  </Folder>
  <Project Path="src/Vendas.Servidor/Vendas.Servidor.csproj" />
</Solution>
